
Microsoft Visual Studio Solution File, Format Version 12.00
# Visual Studio Version 16
VisualStudioVersion = 16.0.31108.246
MinimumVisualStudioVersion = 10.0.40219.1
Project("{FAE04EC0-301F-11D3-BF4B-00C04F79EFBC}") = "iPhonePhotoTransferTool", "iPhonePhotoTransferTool\iPhonePhotoTransferTool.csproj", "{A97C0387-AB22-4C56-A654-FB616DE00900}"
EndProject
Global
	GlobalSection(SolutionConfigurationPlatforms) = preSolution
		Debug|Any CPU = Debug|Any CPU
		Release|Any CPU = Release|Any CPU
	EndGlobalSection
	GlobalSection(ProjectConfigurationPlatforms) = postSolution
		{A97C0387-AB22-4C56-A654-FB616DE00900}.Debug|Any CPU.ActiveCfg = Debug|Any CPU
		{A97C0387-AB22-4C56-A654-FB616DE00900}.Debug|Any CPU.Build.0 = Debug|Any CPU
		{A97C0387-AB22-4C56-A654-FB616DE00900}.Release|Any CPU.ActiveCfg = Release|Any CPU
		{A97C0387-AB22-4C56-A654-FB616DE00900}.Release|Any CPU.Build.0 = Release|Any CPU
	EndGlobalSection
	GlobalSection(SolutionProperties) = preSolution
		HideSolutionNode = FALSE
	EndGlobalSection
	GlobalSection(ExtensibilityGlobals) = postSolution
		SolutionGuid = {DBE931A2-9F16-4282-85E4-78B1C1760EAA}
	EndGlobalSection
EndGlobal
